
Microsoft Visual Studio Solution File, Format Version 12.00
# Visual Studio Version 17
VisualStudioVersion = 17.13.35806.99
MinimumVisualStudioVersion = 10.0.40219.1
Project("{FAE04EC0-301F-11D3-BF4B-00C04F79EFBC}") = "Bully", "Bully.csproj", "{668E63E4-48D4-4F4A-BF75-6A2D7D015005}"
EndProject
Global
	GlobalSection(SolutionConfigurationPlatforms) = preSolution
		Debug|Any CPU = Debug|Any CPU
		Release|Any CPU = Release|Any CPU
	EndGlobalSection
	GlobalSection(ProjectConfigurationPlatforms) = postSolution
		{668E63E4-48D4-4F4A-BF75-6A2D7D015005}.Debug|Any CPU.ActiveCfg = Debug|Any CPU
		{668E63E4-48D4-4F4A-BF75-6A2D7D015005}.Debug|Any CPU.Build.0 = Debug|Any CPU
		{668E63E4-48D4-4F4A-BF75-6A2D7D015005}.Release|Any CPU.ActiveCfg = Release|Any CPU
		{668E63E4-48D4-4F4A-BF75-6A2D7D015005}.Release|Any CPU.Build.0 = Release|Any CPU
	EndGlobalSection
	GlobalSection(SolutionProperties) = preSolution
		HideSolutionNode = FALSE
	EndGlobalSection
	GlobalSection(ExtensibilityGlobals) = postSolution
		SolutionGuid = {F7E94465-C636-499E-BE06-3752C9383519}
	EndGlobalSection
EndGlobal
